
Microsoft Visual Studio Solution File, Format Version 12.00
# Visual Studio Version 16
VisualStudioVersion = 16.0.29519.181
MinimumVisualStudioVersion = 10.0.40219.1
Project("{FAE04EC0-301F-11D3-BF4B-00C04F79EFBC}") = "MailClientProject", "MailClientProject\MailClientProject.csproj", "{4FF12B0A-870C-46D1-B4EE-6D0405F28BDC}"
EndProject
Global
	GlobalSection(SolutionConfigurationPlatforms) = preSolution
		Debug|Any CPU = Debug|Any CPU
		Release|Any CPU = Release|Any CPU
	EndGlobalSection
	GlobalSection(ProjectConfigurationPlatforms) = postSolution
		{4FF12B0A-870C-46D1-B4EE-6D0405F28BDC}.Debug|Any CPU.ActiveCfg = Debug|Any CPU
		{4FF12B0A-870C-46D1-B4EE-6D0405F28BDC}.Debug|Any CPU.Build.0 = Debug|Any CPU
		{4FF12B0A-870C-46D1-B4EE-6D0405F28BDC}.Release|Any CPU.ActiveCfg = Release|Any CPU
		{4FF12B0A-870C-46D1-B4EE-6D0405F28BDC}.Release|Any CPU.Build.0 = Release|Any CPU
	EndGlobalSection
	GlobalSection(SolutionProperties) = preSolution
		HideSolutionNode = FALSE
	EndGlobalSection
	GlobalSection(ExtensibilityGlobals) = postSolution
		SolutionGuid = {289D7AE4-DE52-48A6-B5E6-3217C7BAC668}
	EndGlobalSection
EndGlobal
