
Microsoft Visual Studio Solution File, Format Version 12.00
# Visual Studio Version 16
VisualStudioVersion = 16.0.29519.181
MinimumVisualStudioVersion = 10.0.40219.1
Project("{9A19103F-16F7-4668-BE54-9A1E7A4F7556}") = "MailServerProject", "MailServerProject\MailServerProject.csproj", "{1B4F7A5F-BA61-4BF8-A386-93E0622BACC9}"
EndProject
Project("{9A19103F-16F7-4668-BE54-9A1E7A4F7556}") = "MailServerProject.UnitTest", "MailServerProject.UnitTest\MailServerProject.UnitTest.csproj", "{A373E1D3-8097-483F-B00C-F663F6253E7F}"
EndProject
Project("{FAE04EC0-301F-11D3-BF4B-00C04F79EFBC}") = "MailSender", "MailSender\MailSender.csproj", "{7E792BD7-9C9A-436B-A625-624C7C2D07FB}"
EndProject
Global
	GlobalSection(SolutionConfigurationPlatforms) = preSolution
		Debug|Any CPU = Debug|Any CPU
		Release|Any CPU = Release|Any CPU
	EndGlobalSection
	GlobalSection(ProjectConfigurationPlatforms) = postSolution
		{1B4F7A5F-BA61-4BF8-A386-93E0622BACC9}.Debug|Any CPU.ActiveCfg = Debug|Any CPU
		{1B4F7A5F-BA61-4BF8-A386-93E0622BACC9}.Debug|Any CPU.Build.0 = Debug|Any CPU
		{1B4F7A5F-BA61-4BF8-A386-93E0622BACC9}.Release|Any CPU.ActiveCfg = Release|Any CPU
		{1B4F7A5F-BA61-4BF8-A386-93E0622BACC9}.Release|Any CPU.Build.0 = Release|Any CPU
		{A373E1D3-8097-483F-B00C-F663F6253E7F}.Debug|Any CPU.ActiveCfg = Debug|Any CPU
		{A373E1D3-8097-483F-B00C-F663F6253E7F}.Debug|Any CPU.Build.0 = Debug|Any CPU
		{A373E1D3-8097-483F-B00C-F663F6253E7F}.Release|Any CPU.ActiveCfg = Release|Any CPU
		{A373E1D3-8097-483F-B00C-F663F6253E7F}.Release|Any CPU.Build.0 = Release|Any CPU
		{7E792BD7-9C9A-436B-A625-624C7C2D07FB}.Debug|Any CPU.ActiveCfg = Debug|Any CPU
		{7E792BD7-9C9A-436B-A625-624C7C2D07FB}.Debug|Any CPU.Build.0 = Debug|Any CPU
		{7E792BD7-9C9A-436B-A625-624C7C2D07FB}.Release|Any CPU.ActiveCfg = Release|Any CPU
		{7E792BD7-9C9A-436B-A625-624C7C2D07FB}.Release|Any CPU.Build.0 = Release|Any CPU
	EndGlobalSection
	GlobalSection(SolutionProperties) = preSolution
		HideSolutionNode = FALSE
	EndGlobalSection
	GlobalSection(ExtensibilityGlobals) = postSolution
		SolutionGuid = {EA840499-B31F-4019-8B59-7FBD5D687C7F}
	EndGlobalSection
EndGlobal
